
Microsoft Visual Studio Solution File, Format Version 12.00
# Visual Studio Version 17
VisualStudioVersion = 17.13.35818.85
MinimumVisualStudioVersion = 10.0.40219.1
Project("{2150E333-8FDC-42A3-9474-1A3956D46DE8}") = "Users", "Users", "{02EA681E-C7D8-13C7-8484-4AC65E1B71E8}"
EndProject
Project("{2150E333-8FDC-42A3-9474-1A3956D46DE8}") = "src", "src", "{7938B8D4-6DC7-49C3-82F3-5F895B1EF4D5}"
EndProject
Project("{FAE04EC0-301F-11D3-BF4B-00C04F79EFBC}") = "WebApi", "WebApi\WebApi.csproj", "{85305E0B-1C3F-4E3E-B3A4-D4A8E3C9E5CF}"
EndProject
Project("{2150E333-8FDC-42A3-9474-1A3956D46DE8}") = "Shared", "Shared", "{27B8765B-8DF7-4D5B-AF60-9966783D8258}"
EndProject
Project("{FAE04EC0-301F-11D3-BF4B-00C04F79EFBC}") = "Users.Application", "Users.Application\Users.Application.csproj", "{0559D6E4-8876-40AC-A4E5-62D4077D80FA}"
EndProject
Project("{FAE04EC0-301F-11D3-BF4B-00C04F79EFBC}") = "Users.Domain", "Users.Domain\Users.Domain.csproj", "{6C2ACAD1-1184-495F-A50E-5951B848B65C}"
EndProject
Project("{FAE04EC0-301F-11D3-BF4B-00C04F79EFBC}") = "Users.Presentation", "Users.Presentation\Users.Presentation.csproj", "{893C2AA4-C5F6-478D-91A1-07CAFCD2D181}"
EndProject
Project("{FAE04EC0-301F-11D3-BF4B-00C04F79EFBC}") = "Infrastructure", "Infrastructure\Infrastructure.csproj", "{98EAD072-A447-401B-9A3B-A9B7301AAE0C}"
EndProject
Project("{FAE04EC0-301F-11D3-BF4B-00C04F79EFBC}") = "Core", "Core\Core.csproj", "{2724552D-D9EF-427C-BD77-C2E6C6A8055A}"
EndProject
Project("{FAE04EC0-301F-11D3-BF4B-00C04F79EFBC}") = "Users.Infrastructure", "User.Infrastructure\Users.Infrastructure.csproj", "{AE81434E-7605-4257-B7E2-4502D39AC5B6}"
EndProject
Project("{FAE04EC0-301F-11D3-BF4B-00C04F79EFBC}") = "Users.Infrastructure.Mapping", "Users.Infrastructure.Mapping\Users.Infrastructure.Mapping.csproj", "{897C7045-C65D-4726-9414-32348C5DE2A0}"
EndProject
Project("{2150E333-8FDC-42A3-9474-1A3956D46DE8}") = "Catalogs", "Catalogs", "{35F79283-27BB-4B8A-A3F5-230FAF8EE80B}"
EndProject
Project("{2150E333-8FDC-42A3-9474-1A3956D46DE8}") = "Shoppings", "Shoppings", "{C623A868-E8B9-4D59-87A7-E643D24C348A}"
EndProject
Project("{2150E333-8FDC-42A3-9474-1A3956D46DE8}") = "Communications", "Communications", "{B3553A98-6A52-45FF-A620-01637E9FCAE6}"
EndProject
Project("{2150E333-8FDC-42A3-9474-1A3956D46DE8}") = "Payments", "Payments", "{293A4382-C025-43AA-BC8F-3E4E6D5EA593}"
EndProject
Project("{FAE04EC0-301F-11D3-BF4B-00C04F79EFBC}") = "Catalogs.Domain", "Catalogs.Domain\Catalogs.Domain.csproj", "{679BB9C2-D82D-49C4-9068-DA0EE1A3440E}"
EndProject
Project("{FAE04EC0-301F-11D3-BF4B-00C04F79EFBC}") = "Catalogs.Application", "Catalogs.Application\Catalogs.Application.csproj", "{A493FE36-F01D-491F-88A8-F724DCCF11E0}"
EndProject
Project("{FAE04EC0-301F-11D3-BF4B-00C04F79EFBC}") = "Catalogs.Infrastructure", "Catalogs.Infrastructure\Catalogs.Infrastructure.csproj", "{63FE3A1D-8869-46B9-A86F-85A3167D21DF}"
EndProject
Project("{FAE04EC0-301F-11D3-BF4B-00C04F79EFBC}") = "Catalogs.Presentation", "Catalogs.Presentation\Catalogs.Presentation.csproj", "{3E68422C-33B8-4023-906A-66E813A87103}"
EndProject
Project("{FAE04EC0-301F-11D3-BF4B-00C04F79EFBC}") = "Catalogs.Infrastructure.Mapping", "Catalogs.Infrastructure.Mapping\Catalogs.Infrastructure.Mapping.csproj", "{FBB7090F-818E-4BF0-BEE4-CD77EA53FBE5}"
EndProject
Project("{2150E333-8FDC-42A3-9474-1A3956D46DE8}") = "src", "src", "{D3E04151-FFE9-4F27-8E22-35BB5762236B}"
EndProject
Project("{2150E333-8FDC-42A3-9474-1A3956D46DE8}") = "test", "test", "{21FD9357-D021-47F5-B89A-BA6AD60C0D9F}"
EndProject
Global
	GlobalSection(SolutionConfigurationPlatforms) = preSolution
		Debug|Any CPU = Debug|Any CPU
		Release|Any CPU = Release|Any CPU
	EndGlobalSection
	GlobalSection(ProjectConfigurationPlatforms) = postSolution
		{85305E0B-1C3F-4E3E-B3A4-D4A8E3C9E5CF}.Debug|Any CPU.ActiveCfg = Debug|Any CPU
		{85305E0B-1C3F-4E3E-B3A4-D4A8E3C9E5CF}.Debug|Any CPU.Build.0 = Debug|Any CPU
		{85305E0B-1C3F-4E3E-B3A4-D4A8E3C9E5CF}.Release|Any CPU.ActiveCfg = Release|Any CPU
		{85305E0B-1C3F-4E3E-B3A4-D4A8E3C9E5CF}.Release|Any CPU.Build.0 = Release|Any CPU
		{0559D6E4-8876-40AC-A4E5-62D4077D80FA}.Debug|Any CPU.ActiveCfg = Debug|Any CPU
		{0559D6E4-8876-40AC-A4E5-62D4077D80FA}.Debug|Any CPU.Build.0 = Debug|Any CPU
		{0559D6E4-8876-40AC-A4E5-62D4077D80FA}.Release|Any CPU.ActiveCfg = Release|Any CPU
		{0559D6E4-8876-40AC-A4E5-62D4077D80FA}.Release|Any CPU.Build.0 = Release|Any CPU
		{6C2ACAD1-1184-495F-A50E-5951B848B65C}.Debug|Any CPU.ActiveCfg = Debug|Any CPU
		{6C2ACAD1-1184-495F-A50E-5951B848B65C}.Debug|Any CPU.Build.0 = Debug|Any CPU
		{6C2ACAD1-1184-495F-A50E-5951B848B65C}.Release|Any CPU.ActiveCfg = Release|Any CPU
		{6C2ACAD1-1184-495F-A50E-5951B848B65C}.Release|Any CPU.Build.0 = Release|Any CPU
		{893C2AA4-C5F6-478D-91A1-07CAFCD2D181}.Debug|Any CPU.ActiveCfg = Debug|Any CPU
		{893C2AA4-C5F6-478D-91A1-07CAFCD2D181}.Debug|Any CPU.Build.0 = Debug|Any CPU
		{893C2AA4-C5F6-478D-91A1-07CAFCD2D181}.Release|Any CPU.ActiveCfg = Release|Any CPU
		{893C2AA4-C5F6-478D-91A1-07CAFCD2D181}.Release|Any CPU.Build.0 = Release|Any CPU
		{98EAD072-A447-401B-9A3B-A9B7301AAE0C}.Debug|Any CPU.ActiveCfg = Debug|Any CPU
		{98EAD072-A447-401B-9A3B-A9B7301AAE0C}.Debug|Any CPU.Build.0 = Debug|Any CPU
		{98EAD072-A447-401B-9A3B-A9B7301AAE0C}.Release|Any CPU.ActiveCfg = Release|Any CPU
		{98EAD072-A447-401B-9A3B-A9B7301AAE0C}.Release|Any CPU.Build.0 = Release|Any CPU
		{2724552D-D9EF-427C-BD77-C2E6C6A8055A}.Debug|Any CPU.ActiveCfg = Debug|Any CPU
		{2724552D-D9EF-427C-BD77-C2E6C6A8055A}.Debug|Any CPU.Build.0 = Debug|Any CPU
		{2724552D-D9EF-427C-BD77-C2E6C6A8055A}.Release|Any CPU.ActiveCfg = Release|Any CPU
		{2724552D-D9EF-427C-BD77-C2E6C6A8055A}.Release|Any CPU.Build.0 = Release|Any CPU
		{AE81434E-7605-4257-B7E2-4502D39AC5B6}.Debug|Any CPU.ActiveCfg = Debug|Any CPU
		{AE81434E-7605-4257-B7E2-4502D39AC5B6}.Debug|Any CPU.Build.0 = Debug|Any CPU
		{AE81434E-7605-4257-B7E2-4502D39AC5B6}.Release|Any CPU.ActiveCfg = Release|Any CPU
		{AE81434E-7605-4257-B7E2-4502D39AC5B6}.Release|Any CPU.Build.0 = Release|Any CPU
		{897C7045-C65D-4726-9414-32348C5DE2A0}.Debug|Any CPU.ActiveCfg = Debug|Any CPU
		{897C7045-C65D-4726-9414-32348C5DE2A0}.Debug|Any CPU.Build.0 = Debug|Any CPU
		{897C7045-C65D-4726-9414-32348C5DE2A0}.Release|Any CPU.ActiveCfg = Release|Any CPU
		{897C7045-C65D-4726-9414-32348C5DE2A0}.Release|Any CPU.Build.0 = Release|Any CPU
		{679BB9C2-D82D-49C4-9068-DA0EE1A3440E}.Debug|Any CPU.ActiveCfg = Debug|Any CPU
		{679BB9C2-D82D-49C4-9068-DA0EE1A3440E}.Debug|Any CPU.Build.0 = Debug|Any CPU
		{679BB9C2-D82D-49C4-9068-DA0EE1A3440E}.Release|Any CPU.ActiveCfg = Release|Any CPU
		{679BB9C2-D82D-49C4-9068-DA0EE1A3440E}.Release|Any CPU.Build.0 = Release|Any CPU
		{A493FE36-F01D-491F-88A8-F724DCCF11E0}.Debug|Any CPU.ActiveCfg = Debug|Any CPU
		{A493FE36-F01D-491F-88A8-F724DCCF11E0}.Debug|Any CPU.Build.0 = Debug|Any CPU
		{A493FE36-F01D-491F-88A8-F724DCCF11E0}.Release|Any CPU.ActiveCfg = Release|Any CPU
		{A493FE36-F01D-491F-88A8-F724DCCF11E0}.Release|Any CPU.Build.0 = Release|Any CPU
		{63FE3A1D-8869-46B9-A86F-85A3167D21DF}.Debug|Any CPU.ActiveCfg = Debug|Any CPU
		{63FE3A1D-8869-46B9-A86F-85A3167D21DF}.Debug|Any CPU.Build.0 = Debug|Any CPU
		{63FE3A1D-8869-46B9-A86F-85A3167D21DF}.Release|Any CPU.ActiveCfg = Release|Any CPU
		{63FE3A1D-8869-46B9-A86F-85A3167D21DF}.Release|Any CPU.Build.0 = Release|Any CPU
		{3E68422C-33B8-4023-906A-66E813A87103}.Debug|Any CPU.ActiveCfg = Debug|Any CPU
		{3E68422C-33B8-4023-906A-66E813A87103}.Debug|Any CPU.Build.0 = Debug|Any CPU
		{3E68422C-33B8-4023-906A-66E813A87103}.Release|Any CPU.ActiveCfg = Release|Any CPU
		{3E68422C-33B8-4023-906A-66E813A87103}.Release|Any CPU.Build.0 = Release|Any CPU
		{FBB7090F-818E-4BF0-BEE4-CD77EA53FBE5}.Debug|Any CPU.ActiveCfg = Debug|Any CPU
		{FBB7090F-818E-4BF0-BEE4-CD77EA53FBE5}.Debug|Any CPU.Build.0 = Debug|Any CPU
		{FBB7090F-818E-4BF0-BEE4-CD77EA53FBE5}.Release|Any CPU.ActiveCfg = Release|Any CPU
		{FBB7090F-818E-4BF0-BEE4-CD77EA53FBE5}.Release|Any CPU.Build.0 = Release|Any CPU
	EndGlobalSection
	GlobalSection(SolutionProperties) = preSolution
		HideSolutionNode = FALSE
	EndGlobalSection
	GlobalSection(NestedProjects) = preSolution
		{7938B8D4-6DC7-49C3-82F3-5F895B1EF4D5} = {02EA681E-C7D8-13C7-8484-4AC65E1B71E8}
		{85305E0B-1C3F-4E3E-B3A4-D4A8E3C9E5CF} = {27B8765B-8DF7-4D5B-AF60-9966783D8258}
		{0559D6E4-8876-40AC-A4E5-62D4077D80FA} = {7938B8D4-6DC7-49C3-82F3-5F895B1EF4D5}
		{6C2ACAD1-1184-495F-A50E-5951B848B65C} = {7938B8D4-6DC7-49C3-82F3-5F895B1EF4D5}
		{893C2AA4-C5F6-478D-91A1-07CAFCD2D181} = {7938B8D4-6DC7-49C3-82F3-5F895B1EF4D5}
		{98EAD072-A447-401B-9A3B-A9B7301AAE0C} = {27B8765B-8DF7-4D5B-AF60-9966783D8258}
		{2724552D-D9EF-427C-BD77-C2E6C6A8055A} = {27B8765B-8DF7-4D5B-AF60-9966783D8258}
		{AE81434E-7605-4257-B7E2-4502D39AC5B6} = {7938B8D4-6DC7-49C3-82F3-5F895B1EF4D5}
		{897C7045-C65D-4726-9414-32348C5DE2A0} = {7938B8D4-6DC7-49C3-82F3-5F895B1EF4D5}
		{679BB9C2-D82D-49C4-9068-DA0EE1A3440E} = {D3E04151-FFE9-4F27-8E22-35BB5762236B}
		{A493FE36-F01D-491F-88A8-F724DCCF11E0} = {D3E04151-FFE9-4F27-8E22-35BB5762236B}
		{63FE3A1D-8869-46B9-A86F-85A3167D21DF} = {D3E04151-FFE9-4F27-8E22-35BB5762236B}
		{3E68422C-33B8-4023-906A-66E813A87103} = {D3E04151-FFE9-4F27-8E22-35BB5762236B}
		{FBB7090F-818E-4BF0-BEE4-CD77EA53FBE5} = {D3E04151-FFE9-4F27-8E22-35BB5762236B}
		{D3E04151-FFE9-4F27-8E22-35BB5762236B} = {35F79283-27BB-4B8A-A3F5-230FAF8EE80B}
		{21FD9357-D021-47F5-B89A-BA6AD60C0D9F} = {02EA681E-C7D8-13C7-8484-4AC65E1B71E8}
	EndGlobalSection
	GlobalSection(ExtensibilityGlobals) = postSolution
		SolutionGuid = {3D617C49-2EDD-40E3-A8EB-99B421E19B80}
	EndGlobalSection
EndGlobal
